<?xml version="1.0" encoding="utf-8"?>
<Project ToolsVersion="4.0" xmlns="http://schemas.microsoft.com/developer/msbuild/2003">
  <ItemGroup>
    <Filter Include="Core">
      <UniqueIdentifier>{7d6c36e0-0b55-41cd-b03c-cf702570c7c6}</UniqueIdentifier>
    </Filter>
    <Filter Include="Entities">
      <UniqueIdentifier>{01eeedf8-fbec-43b6-9404-a4f3346cbd19}</UniqueIdentifier>
    </Filter>
    <Filter Include="Lua and XML">
      <UniqueIdentifier>{3f87e272-258f-429c-ac20-24a6b958ac02}</UniqueIdentifier>
    </Filter>
    <Filter Include="Lua and XML\Tolua bindings">
      <UniqueIdentifier>{8c47712b-0a03-41ed-a96e-93344fd9c5c0}</UniqueIdentifier>
    </Filter>
    <Filter Include="Maps and Levels">
      <UniqueIdentifier>{c4a0d426-3293-4808-ac7b-b8dae676b0b7}</UniqueIdentifier>
    </Filter>
    <Filter Include="Particles and effects">
      <UniqueIdentifier>{98920b0d-7ee7-4e33-b081-9ea6c6c477b8}</UniqueIdentifier>
    </Filter>
    <Filter Include="Messaging system">
      <UniqueIdentifier>{0a8474dc-25f9-4d8e-b445-c48ab610b88f}</UniqueIdentifier>
    </Filter>
    <Filter Include="Globals">
      <UniqueIdentifier>{f39c0d7f-6c92-46df-b9d5-4f4ae9aeff38}</UniqueIdentifier>
    </Filter>
  </ItemGroup>
  <ItemGroup>
    <ClCompile Include="core\source\GameApp.cpp">
      <Filter>Core</Filter>
    </ClCompile>
    <ClCompile Include="source\Entity.cpp">
      <Filter>Entities</Filter>
    </ClCompile>
    <ClCompile Include="source\Text.cpp">
      <Filter>Entities</Filter>
    </ClCompile>
    <ClCompile Include="source\Npc.cpp">
      <Filter>Entities</Filter>
    </ClCompile>
    <ClCompile Include="source\Hero.cpp">
      <Filter>Entities</Filter>
    </ClCompile>
    <ClCompile Include="source\Image.cpp">
      <Filter>Entities</Filter>
    </ClCompile>
    <ClCompile Include="source\Warp.cpp">
      <Filter>Entities</Filter>
    </ClCompile>
    <ClCompile Include="source\SoundNode.cpp">
      <Filter>Entities</Filter>
    </ClCompile>
    <ClCompile Include="source\SceneNode.cpp">
      <Filter>Entities</Filter>
    </ClCompile>
    <ClCompile Include="source\MoveableObject.cpp">
      <Filter>Entities</Filter>
    </ClCompile>
    <ClCompile Include="source\StateStack.cpp">
      <Filter>Core</Filter>
    </ClCompile>
    <ClCompile Include="source\State.cpp">
      <Filter>Core</Filter>
    </ClCompile>
    <ClCompile Include="source\GameState.cpp">
      <Filter>Core</Filter>
    </ClCompile>
    <ClCompile Include="source\LogoState.cpp">
      <Filter>Core</Filter>
    </ClCompile>
    <ClCompile Include="source\StartState.cpp">
      <Filter>Core</Filter>
    </ClCompile>
    <ClCompile Include="source\LuaScripting.cpp">
      <Filter>Lua and XML</Filter>
    </ClCompile>
    <ClCompile Include="puig_XML\pugixml.cpp">
      <Filter>Lua and XML</Filter>
    </ClCompile>
    <ClCompile Include="source\tolua_Hero.cpp">
      <Filter>Lua and XML\Tolua bindings</Filter>
    </ClCompile>
    <ClCompile Include="source\tolua_Level.cpp">
      <Filter>Lua and XML\Tolua bindings</Filter>
    </ClCompile>
    <ClCompile Include="source\tolua_Map.cpp">
      <Filter>Lua and XML\Tolua bindings</Filter>
    </ClCompile>
    <ClCompile Include="source\tolua_Npc.cpp">
      <Filter>Lua and XML\Tolua bindings</Filter>
    </ClCompile>
    <ClCompile Include="source\World.cpp">
      <Filter>Maps and Levels</Filter>
    </ClCompile>
    <ClCompile Include="source\Level.cpp">
      <Filter>Maps and Levels</Filter>
    </ClCompile>
    <ClCompile Include="main.cpp">
      <Filter>Core</Filter>
    </ClCompile>
    <ClCompile Include="source\Map.cpp">
      <Filter>Maps and Levels</Filter>
    </ClCompile>
    <ClCompile Include="source\StaticObject.cpp">
      <Filter>Entities</Filter>
    </ClCompile>
    <ClCompile Include="source\ScreenAffectors.cpp">
      <Filter>Particles and effects</Filter>
    </ClCompile>
    <ClCompile Include="source\ScreenEffect.cpp">
      <Filter>Particles and effects</Filter>
    </ClCompile>
    <ClCompile Include="source\Player.cpp">
      <Filter>Core</Filter>
    </ClCompile>
    <ClCompile Include="source\Camera.cpp">
      <Filter>Core</Filter>
    </ClCompile>
    <ClCompile Include="source\CommandQueue.cpp">
      <Filter>Messaging system</Filter>
    </ClCompile>
    <ClCompile Include="source\Collider.cpp">
      <Filter>Messaging system</Filter>
    </ClCompile>
    <ClCompile Include="source\Animation.cpp">
      <Filter>Core</Filter>
    </ClCompile>
    <ClCompile Include="source\TextBox.cpp">
      <Filter>Entities</Filter>
    </ClCompile>
    <ClCompile Include="source\TextSistem.cpp">
      <Filter>Maps and Levels</Filter>
    </ClCompile>
    <ClCompile Include="source\HeroPanel.cpp">
      <Filter>Entities</Filter>
    </ClCompile>
    <ClCompile Include="source\ImageContainer.cpp">
      <Filter>Entities</Filter>
    </ClCompile>
    <ClCompile Include="source\Weapon.cpp">
      <Filter>Entities</Filter>
    </ClCompile>
    <ClCompile Include="source\ActionTree.cpp">
      <Filter>Messaging system</Filter>
    </ClCompile>
  </ItemGroup>
  <ItemGroup>
    <ClInclude Include="core\header\GameApp.h">
      <Filter>Core</Filter>
    </ClInclude>
    <ClInclude Include="header\Entity.h">
      <Filter>Entities</Filter>
    </ClInclude>
    <ClInclude Include="header\Hero.h">
      <Filter>Entities</Filter>
    </ClInclude>
    <ClInclude Include="header\Npc.h">
      <Filter>Entities</Filter>
    </ClInclude>
    <ClInclude Include="header\Warp.h">
      <Filter>Entities</Filter>
    </ClInclude>
    <ClInclude Include="header\Text.h">
      <Filter>Entities</Filter>
    </ClInclude>
    <ClInclude Include="header\SoundNode.h">
      <Filter>Entities</Filter>
    </ClInclude>
    <ClInclude Include="header\SceneNode.h">
      <Filter>Entities</Filter>
    </ClInclude>
    <ClInclude Include="header\MoveableObject.h">
      <Filter>Entities</Filter>
    </ClInclude>
    <ClInclude Include="header\Image.h">
      <Filter>Entities</Filter>
    </ClInclude>
    <ClInclude Include="header\GameState.h">
      <Filter>Core</Filter>
    </ClInclude>
    <ClInclude Include="header\StartState.h">
      <Filter>Core</Filter>
    </ClInclude>
    <ClInclude Include="header\StateStack.h">
      <Filter>Core</Filter>
    </ClInclude>
    <ClInclude Include="header\LogoState.h">
      <Filter>Core</Filter>
    </ClInclude>
    <ClInclude Include="header\LuaScripting.h">
      <Filter>Lua and XML</Filter>
    </ClInclude>
    <ClInclude Include="puig_XML\pugixml.hpp">
      <Filter>Lua and XML</Filter>
    </ClInclude>
    <ClInclude Include="header\tolua_Level.h">
      <Filter>Lua and XML\Tolua bindings</Filter>
    </ClInclude>
    <ClInclude Include="header\tolua_Map.h">
      <Filter>Lua and XML\Tolua bindings</Filter>
    </ClInclude>
    <ClInclude Include="header\tolua_Npc.h">
      <Filter>Lua and XML\Tolua bindings</Filter>
    </ClInclude>
    <ClInclude Include="header\tolua_Hero.h">
      <Filter>Lua and XML\Tolua bindings</Filter>
    </ClInclude>
    <ClInclude Include="header\Map.h">
      <Filter>Maps and Levels</Filter>
    </ClInclude>
    <ClInclude Include="header\World.h">
      <Filter>Maps and Levels</Filter>
    </ClInclude>
    <ClInclude Include="header\Level.h">
      <Filter>Maps and Levels</Filter>
    </ClInclude>
    <ClInclude Include="header\ScreenAffectors.h">
      <Filter>Particles and effects</Filter>
    </ClInclude>
    <ClInclude Include="header\ScreenAffector.h">
      <Filter>Particles and effects</Filter>
    </ClInclude>
    <ClInclude Include="header\StaticObject.h">
      <Filter>Entities</Filter>
    </ClInclude>
    <ClInclude Include="header\Player.h">
      <Filter>Core</Filter>
    </ClInclude>
    <ClInclude Include="header\Camera.h">
      <Filter>Core</Filter>
    </ClInclude>
    <ClInclude Include="header\Collider.h">
      <Filter>Messaging system</Filter>
    </ClInclude>
    <ClInclude Include="header\CommandQueue.h">
      <Filter>Messaging system</Filter>
    </ClInclude>
    <ClInclude Include="header\Command.h">
      <Filter>Messaging system</Filter>
    </ClInclude>
    <ClInclude Include="header\Animation.h">
      <Filter>Core</Filter>
    </ClInclude>
    <ClInclude Include="header\ScreenEffect.h">
      <Filter>Particles and effects</Filter>
    </ClInclude>
    <ClInclude Include="header\Resources.h">
      <Filter>Core</Filter>
    </ClInclude>
    <ClInclude Include="header\State.h">
      <Filter>Core</Filter>
    </ClInclude>
    <ClInclude Include="header\ResourceTypes.h">
      <Filter>Globals</Filter>
    </ClInclude>
    <ClInclude Include="header\StateMachine.h">
      <Filter>Core</Filter>
    </ClInclude>
    <ClInclude Include="header\EntityState.h">
      <Filter>Core</Filter>
    </ClInclude>
    <ClInclude Include="header\TextBox.h">
      <Filter>Entities</Filter>
    </ClInclude>
    <ClInclude Include="header\TextSistem.h">
      <Filter>Maps and Levels</Filter>
    </ClInclude>
    <ClInclude Include="header\HeroPanel.h">
      <Filter>Entities</Filter>
    </ClInclude>
    <ClInclude Include="header\ImageContainer.h">
      <Filter>Entities</Filter>
    </ClInclude>
    <ClInclude Include="header\Weapon.h">
      <Filter>Entities</Filter>
    </ClInclude>
    <ClInclude Include="header\ActionTree.h">
      <Filter>Messaging system</Filter>
    </ClInclude>
  </ItemGroup>
</Project>